
Microsoft Visual Studio Solution File, Format Version 12.00
# Visual Studio Version 16
VisualStudioVersion = 16.0.30907.101
MinimumVisualStudioVersion = 10.0.40219.1
Project("{FAE04EC0-301F-11D3-BF4B-00C04F79EFBC}") = "AzureFunctions", "AzureFunctions.csproj", "{BA12BE3C-3C8A-41CE-A250-4903CB35D8EF}"
EndProject
Global
	GlobalSection(SolutionConfigurationPlatforms) = preSolution
		Debug|Any CPU = Debug|Any CPU
		Release|Any CPU = Release|Any CPU
	EndGlobalSection
	GlobalSection(ProjectConfigurationPlatforms) = postSolution
		{BA12BE3C-3C8A-41CE-A250-4903CB35D8EF}.Debug|Any CPU.ActiveCfg = Debug|Any CPU
		{BA12BE3C-3C8A-41CE-A250-4903CB35D8EF}.Debug|Any CPU.Build.0 = Debug|Any CPU
		{BA12BE3C-3C8A-41CE-A250-4903CB35D8EF}.Release|Any CPU.ActiveCfg = Release|Any CPU
		{BA12BE3C-3C8A-41CE-A250-4903CB35D8EF}.Release|Any CPU.Build.0 = Release|Any CPU
	EndGlobalSection
	GlobalSection(SolutionProperties) = preSolution
		HideSolutionNode = FALSE
	EndGlobalSection
	GlobalSection(ExtensibilityGlobals) = postSolution
		SolutionGuid = {A83485EC-33F5-4F0D-9995-B8D7FAD3DE40}
	EndGlobalSection
EndGlobal
