
Microsoft Visual Studio Solution File, Format Version 12.00
# Visual Studio Version 16
VisualStudioVersion = 16.0.30907.101
MinimumVisualStudioVersion = 10.0.40219.1
Project("{9A19103F-16F7-4668-BE54-9A1E7A4F7556}") = "AzureFunctionsTable", "AzureFunctionsTable.csproj", "{B281936A-CAA7-4C58-91E5-6CE8D00D0D22}"
EndProject
Global
	GlobalSection(SolutionConfigurationPlatforms) = preSolution
		Debug|Any CPU = Debug|Any CPU
		Release|Any CPU = Release|Any CPU
	EndGlobalSection
	GlobalSection(ProjectConfigurationPlatforms) = postSolution
		{B281936A-CAA7-4C58-91E5-6CE8D00D0D22}.Debug|Any CPU.ActiveCfg = Debug|Any CPU
		{B281936A-CAA7-4C58-91E5-6CE8D00D0D22}.Debug|Any CPU.Build.0 = Debug|Any CPU
		{B281936A-CAA7-4C58-91E5-6CE8D00D0D22}.Release|Any CPU.ActiveCfg = Release|Any CPU
		{B281936A-CAA7-4C58-91E5-6CE8D00D0D22}.Release|Any CPU.Build.0 = Release|Any CPU
	EndGlobalSection
	GlobalSection(SolutionProperties) = preSolution
		HideSolutionNode = FALSE
	EndGlobalSection
	GlobalSection(ExtensibilityGlobals) = postSolution
		SolutionGuid = {B2AB572B-D3FE-4BD9-B5D8-DFD2DA47D345}
	EndGlobalSection
EndGlobal
